// !$*UTF8*$!
{
	archiveVersion = 1;
	classes = {
	};
	objectVersion = 56;
	objects = {

/* Begin PBXBuildFile section */
		6635B83C2C3ACC0600FA7001 /* Color+Extentions.swift in Sources */ = {isa = PBXBuildFile; fileRef = 6635B83B2C3ACC0600FA7001 /* Color+Extentions.swift */; };
		66869A0F2CB7AC0300770D17 /* HomeScreen.swift in Sources */ = {isa = PBXBuildFile; fileRef = 667070302C65506C00BA3454 /* HomeScreen.swift */; };
		6694E0822C1B1AE100384340 /* Currancy_exchangeApp.swift in Sources */ = {isa = PBXBuildFile; fileRef = 6694E0812C1B1AE100384340 /* Currancy_exchangeApp.swift */; };
		6694E0862C1B1AE100384340 /* Item.swift in Sources */ = {isa = PBXBuildFile; fileRef = 6694E0852C1B1AE100384340 /* Item.swift */; };
		6694E0882C1B1AE300384340 /* Assets.xcassets in Resources */ = {isa = PBXBuildFile; fileRef = 6694E0872C1B1AE300384340 /* Assets.xcassets */; };
		6694E08B2C1B1AE300384340 /* Preview Assets.xcassets in Resources */ = {isa = PBXBuildFile; fileRef = 6694E08A2C1B1AE300384340 /* Preview Assets.xcassets */; };
		6694E0942C28403C00384340 /* ReadexPro-Light.ttf in Resources */ = {isa = PBXBuildFile; fileRef = 6694E0912C28403C00384340 /* ReadexPro-Light.ttf */; };
		6694E0952C28403C00384340 /* ReadexPro-Medium.ttf in Resources */ = {isa = PBXBuildFile; fileRef = 6694E0922C28403C00384340 /* ReadexPro-Medium.ttf */; };
		6694E0962C28403C00384340 /* ReadexPro-bold.ttf in Resources */ = {isa = PBXBuildFile; fileRef = 6694E0932C28403C00384340 /* ReadexPro-bold.ttf */; };
		6694E09A2C2844C200384340 /* Font+Extensions.swift in Sources */ = {isa = PBXBuildFile; fileRef = 6694E0992C2844C200384340 /* Font+Extensions.swift */; };
		66AB87192C4135B7001682CA /* OnboardingModel.swift in Sources */ = {isa = PBXBuildFile; fileRef = 66AB87182C4135B7001682CA /* OnboardingModel.swift */; };
		66AB871F2C41A09E001682CA /* OnboardingScreen.swift in Sources */ = {isa = PBXBuildFile; fileRef = 66AB871E2C41A09E001682CA /* OnboardingScreen.swift */; };
		66AB87242C41A43A001682CA /* loginScreen.swift in Sources */ = {isa = PBXBuildFile; fileRef = 66AB87232C41A43A001682CA /* loginScreen.swift */; };
		66AB87282C41A4A1001682CA /* HeaderView.swift in Sources */ = {isa = PBXBuildFile; fileRef = 66AB87272C41A4A1001682CA /* HeaderView.swift */; };
		66AB872A2C43D06E001682CA /* CustomeTextField.swift in Sources */ = {isa = PBXBuildFile; fileRef = 66AB87292C43D06E001682CA /* CustomeTextField.swift */; };
		66AB872C2C452807001682CA /* OnboardingViewModel.swift in Sources */ = {isa = PBXBuildFile; fileRef = 66AB872B2C452807001682CA /* OnboardingViewModel.swift */; };
		66AB872E2C47E640001682CA /* DashedPageTabViewStyle.swift in Sources */ = {isa = PBXBuildFile; fileRef = 66AB872D2C47E640001682CA /* DashedPageTabViewStyle.swift */; };
		66DEE4522CB7B101009D0BE1 /* TabScreen.swift in Sources */ = {isa = PBXBuildFile; fileRef = 66DEE4512CB7B101009D0BE1 /* TabScreen.swift */; };
		66DEE4572CB8F885009D0BE1 /* AverageProfilt.swift in Sources */ = {isa = PBXBuildFile; fileRef = 66DEE4562CB8F885009D0BE1 /* AverageProfilt.swift */; };
		66DEE4592CB8F8E5009D0BE1 /* HomeViewModel.swift in Sources */ = {isa = PBXBuildFile; fileRef = 66DEE4582CB8F8E5009D0BE1 /* HomeViewModel.swift */; };
		66F8CDCB2CBB9F4E003E45A8 /* Tab.swift in Sources */ = {isa = PBXBuildFile; fileRef = 66F8CDCA2CBB9F4E003E45A8 /* Tab.swift */; };
		66F8CDCD2CBB9F8F003E45A8 /* TabViewModel.swift in Sources */ = {isa = PBXBuildFile; fileRef = 66F8CDCC2CBB9F8F003E45A8 /* TabViewModel.swift */; };
		66F8CDD32CBBA305003E45A8 /* WalletView.swift in Sources */ = {isa = PBXBuildFile; fileRef = 66F8CDD22CBBA305003E45A8 /* WalletView.swift */; };
		66F8CDD52CBBA313003E45A8 /* FavouriteView.swift in Sources */ = {isa = PBXBuildFile; fileRef = 66F8CDD42CBBA313003E45A8 /* FavouriteView.swift */; };
		66F8CDD72CBBA31E003E45A8 /* MarketView.swift in Sources */ = {isa = PBXBuildFile; fileRef = 66F8CDD62CBBA31E003E45A8 /* MarketView.swift */; };
		66F8CDD92CBBA344003E45A8 /* TradeView.swift in Sources */ = {isa = PBXBuildFile; fileRef = 66F8CDD82CBBA344003E45A8 /* TradeView.swift */; };
/* End PBXBuildFile section */

/* Begin PBXFileReference section */
		6635B83B2C3ACC0600FA7001 /* Color+Extentions.swift */ = {isa = PBXFileReference; lastKnownFileType = sourcecode.swift; path = "Color+Extentions.swift"; sourceTree = "<group>"; };
		667070302C65506C00BA3454 /* HomeScreen.swift */ = {isa = PBXFileReference; lastKnownFileType = sourcecode.swift; path = HomeScreen.swift; sourceTree = "<group>"; };
		6694E07E2C1B1AE100384340 /* Currancy exchange.app */ = {isa = PBXFileReference; explicitFileType = wrapper.application; includeInIndex = 0; path = "Currancy exchange.app"; sourceTree = BUILT_PRODUCTS_DIR; };
		6694E0812C1B1AE100384340 /* Currancy_exchangeApp.swift */ = {isa = PBXFileReference; lastKnownFileType = sourcecode.swift; path = Currancy_exchangeApp.swift; sourceTree = "<group>"; };
		6694E0852C1B1AE100384340 /* Item.swift */ = {isa = PBXFileReference; lastKnownFileType = sourcecode.swift; path = Item.swift; sourceTree = "<group>"; };
		6694E0872C1B1AE300384340 /* Assets.xcassets */ = {isa = PBXFileReference; lastKnownFileType = folder.assetcatalog; path = Assets.xcassets; sourceTree = "<group>"; };
		6694E08A2C1B1AE300384340 /* Preview Assets.xcassets */ = {isa = PBXFileReference; lastKnownFileType = folder.assetcatalog; path = "Preview Assets.xcassets"; sourceTree = "<group>"; };
		6694E0912C28403C00384340 /* ReadexPro-Light.ttf */ = {isa = PBXFileReference; lastKnownFileType = file; path = "ReadexPro-Light.ttf"; sourceTree = "<group>"; };
		6694E0922C28403C00384340 /* ReadexPro-Medium.ttf */ = {isa = PBXFileReference; lastKnownFileType = file; path = "ReadexPro-Medium.ttf"; sourceTree = "<group>"; };
		6694E0932C28403C00384340 /* ReadexPro-bold.ttf */ = {isa = PBXFileReference; lastKnownFileType = file; path = "ReadexPro-bold.ttf"; sourceTree = "<group>"; };
		6694E0982C2842A200384340 /* Currancy-exchange-Info.plist */ = {isa = PBXFileReference; lastKnownFileType = text.plist; path = "Currancy-exchange-Info.plist"; sourceTree = SOURCE_ROOT; };
		6694E0992C2844C200384340 /* Font+Extensions.swift */ = {isa = PBXFileReference; lastKnownFileType = sourcecode.swift; path = "Font+Extensions.swift"; sourceTree = "<group>"; };
		66AB87182C4135B7001682CA /* OnboardingModel.swift */ = {isa = PBXFileReference; lastKnownFileType = sourcecode.swift; path = OnboardingModel.swift; sourceTree = "<group>"; };
		66AB871E2C41A09E001682CA /* OnboardingScreen.swift */ = {isa = PBXFileReference; lastKnownFileType = sourcecode.swift; path = OnboardingScreen.swift; sourceTree = "<group>"; };
		66AB87232C41A43A001682CA /* loginScreen.swift */ = {isa = PBXFileReference; lastKnownFileType = sourcecode.swift; path = loginScreen.swift; sourceTree = "<group>"; };
		66AB87272C41A4A1001682CA /* HeaderView.swift */ = {isa = PBXFileReference; lastKnownFileType = sourcecode.swift; path = HeaderView.swift; sourceTree = "<group>"; };
		66AB87292C43D06E001682CA /* CustomeTextField.swift */ = {isa = PBXFileReference; lastKnownFileType = sourcecode.swift; path = CustomeTextField.swift; sourceTree = "<group>"; };
		66AB872B2C452807001682CA /* OnboardingViewModel.swift */ = {isa = PBXFileReference; lastKnownFileType = sourcecode.swift; path = OnboardingViewModel.swift; sourceTree = "<group>"; };
		66AB872D2C47E640001682CA /* DashedPageTabViewStyle.swift */ = {isa = PBXFileReference; lastKnownFileType = sourcecode.swift; path = DashedPageTabViewStyle.swift; sourceTree = "<group>"; };
		66DEE4512CB7B101009D0BE1 /* TabScreen.swift */ = {isa = PBXFileReference; lastKnownFileType = sourcecode.swift; path = TabScreen.swift; sourceTree = "<group>"; };
		66DEE4562CB8F885009D0BE1 /* AverageProfilt.swift */ = {isa = PBXFileReference; lastKnownFileType = sourcecode.swift; path = AverageProfilt.swift; sourceTree = "<group>"; };
		66DEE4582CB8F8E5009D0BE1 /* HomeViewModel.swift */ = {isa = PBXFileReference; lastKnownFileType = sourcecode.swift; path = HomeViewModel.swift; sourceTree = "<group>"; };
		66F8CDCA2CBB9F4E003E45A8 /* Tab.swift */ = {isa = PBXFileReference; lastKnownFileType = sourcecode.swift; path = Tab.swift; sourceTree = "<group>"; };
		66F8CDCC2CBB9F8F003E45A8 /* TabViewModel.swift */ = {isa = PBXFileReference; lastKnownFileType = sourcecode.swift; path = TabViewModel.swift; sourceTree = "<group>"; };
		66F8CDD22CBBA305003E45A8 /* WalletView.swift */ = {isa = PBXFileReference; lastKnownFileType = sourcecode.swift; path = WalletView.swift; sourceTree = "<group>"; };
		66F8CDD42CBBA313003E45A8 /* FavouriteView.swift */ = {isa = PBXFileReference; lastKnownFileType = sourcecode.swift; path = FavouriteView.swift; sourceTree = "<group>"; };
		66F8CDD62CBBA31E003E45A8 /* MarketView.swift */ = {isa = PBXFileReference; lastKnownFileType = sourcecode.swift; path = MarketView.swift; sourceTree = "<group>"; };
		66F8CDD82CBBA344003E45A8 /* TradeView.swift */ = {isa = PBXFileReference; lastKnownFileType = sourcecode.swift; path = TradeView.swift; sourceTree = "<group>"; };
/* End PBXFileReference section */

/* Begin PBXFrameworksBuildPhase section */
		6694E07B2C1B1AE100384340 /* Frameworks */ = {
			isa = PBXFrameworksBuildPhase;
			buildActionMask = 2147483647;
			files = (
			);
			runOnlyForDeploymentPostprocessing = 0;
		};
/* End PBXFrameworksBuildPhase section */

/* Begin PBXGroup section */
		66869A0E2CB7AB3700770D17 /* tabviews */ = {
			isa = PBXGroup;
			children = (
				66F8CDD12CBBA2F3003E45A8 /* Wallet */,
				66F8CDD02CBBA2ED003E45A8 /* Favourite */,
				66F8CDCF2CBBA2E7003E45A8 /* Market */,
				66F8CDCE2CBBA2E0003E45A8 /* Trade */,
				66F8CDC62CBB9F07003E45A8 /* Tab */,
				66AB871D2C418F3E001682CA /* home */,
			);
			path = tabviews;
			sourceTree = "<group>";
		};
		6694E0752C1B1AE100384340 = {
			isa = PBXGroup;
			children = (
				6694E0802C1B1AE100384340 /* Currancy exchange */,
				6694E07F2C1B1AE100384340 /* Products */,
			);
			sourceTree = "<group>";
		};
		6694E07F2C1B1AE100384340 /* Products */ = {
			isa = PBXGroup;
			children = (
				6694E07E2C1B1AE100384340 /* Currancy exchange.app */,
			);
			name = Products;
			sourceTree = "<group>";
		};
		6694E0802C1B1AE100384340 /* Currancy exchange */ = {
			isa = PBXGroup;
			children = (
				66AB871A2C418F19001682CA /* feature */,
				66AB87162C4134F2001682CA /* utilities */,
				66AB87152C4134E4001682CA /* resources */,
				6694E0982C2842A200384340 /* Currancy-exchange-Info.plist */,
				6694E0812C1B1AE100384340 /* Currancy_exchangeApp.swift */,
				6694E0852C1B1AE100384340 /* Item.swift */,
				6694E0892C1B1AE300384340 /* Preview Content */,
			);
			path = "Currancy exchange";
			sourceTree = "<group>";
		};
		6694E0892C1B1AE300384340 /* Preview Content */ = {
			isa = PBXGroup;
			children = (
				6694E08A2C1B1AE300384340 /* Preview Assets.xcassets */,
			);
			path = "Preview Content";
			sourceTree = "<group>";
		};
		6694E0972C28404E00384340 /* font */ = {
			isa = PBXGroup;
			children = (
				6694E0932C28403C00384340 /* ReadexPro-bold.ttf */,
				6694E0912C28403C00384340 /* ReadexPro-Light.ttf */,
				6694E0922C28403C00384340 /* ReadexPro-Medium.ttf */,
				6694E0992C2844C200384340 /* Font+Extensions.swift */,
			);
			path = font;
			sourceTree = "<group>";
		};
		66AB87122C4134B4001682CA /* model */ = {
			isa = PBXGroup;
			children = (
				66AB87182C4135B7001682CA /* OnboardingModel.swift */,
			);
			path = model;
			sourceTree = "<group>";
		};
		66AB87132C4134D3001682CA /* view */ = {
			isa = PBXGroup;
			children = (
				66AB871E2C41A09E001682CA /* OnboardingScreen.swift */,
			);
			path = view;
			sourceTree = "<group>";
		};
		66AB87142C4134D9001682CA /* viewModel */ = {
			isa = PBXGroup;
			children = (
				66AB872B2C452807001682CA /* OnboardingViewModel.swift */,
			);
			path = viewModel;
			sourceTree = "<group>";
		};
		66AB87152C4134E4001682CA /* resources */ = {
			isa = PBXGroup;
			children = (
				6694E0872C1B1AE300384340 /* Assets.xcassets */,
				6694E0972C28404E00384340 /* font */,
			);
			path = resources;
			sourceTree = "<group>";
		};
		66AB87162C4134F2001682CA /* utilities */ = {
			isa = PBXGroup;
			children = (
				66AB87172C413508001682CA /* extensions */,
			);
			path = utilities;
			sourceTree = "<group>";
		};
		66AB87172C413508001682CA /* extensions */ = {
			isa = PBXGroup;
			children = (
				6635B83B2C3ACC0600FA7001 /* Color+Extentions.swift */,
			);
			path = extensions;
			sourceTree = "<group>";
		};
		66AB871A2C418F19001682CA /* feature */ = {
			isa = PBXGroup;
			children = (
				66869A0E2CB7AB3700770D17 /* tabviews */,
				66AB87252C41A486001682CA /* comman */,
				66AB871B2C418F26001682CA /* boarding */,
				66AB871C2C418F34001682CA /* login */,
			);
			path = feature;
			sourceTree = "<group>";
		};
		66AB871B2C418F26001682CA /* boarding */ = {
			isa = PBXGroup;
			children = (
				66AB87132C4134D3001682CA /* view */,
				66AB87142C4134D9001682CA /* viewModel */,
				66AB87122C4134B4001682CA /* model */,
			);
			path = boarding;
			sourceTree = "<group>";
		};
		66AB871C2C418F34001682CA /* login */ = {
			isa = PBXGroup;
			children = (
				66AB87202C41A41A001682CA /* view */,
				66AB87222C41A426001682CA /* viewModel */,
				66AB87212C41A421001682CA /* model */,
			);
			path = login;
			sourceTree = "<group>";
		};
		66AB871D2C418F3E001682CA /* home */ = {
			isa = PBXGroup;
			children = (
				66DEE4552CB8F852009D0BE1 /* Model */,
				66DEE4542CB8F84B009D0BE1 /* viewModel */,
				66DEE4532CB8F83F009D0BE1 /* view */,
			);
			path = home;
			sourceTree = "<group>";
		};
		66AB87202C41A41A001682CA /* view */ = {
			isa = PBXGroup;
			children = (
				66AB87232C41A43A001682CA /* loginScreen.swift */,
			);
			path = view;
			sourceTree = "<group>";
		};
		66AB87212C41A421001682CA /* model */ = {
			isa = PBXGroup;
			children = (
			);
			path = model;
			sourceTree = "<group>";
		};
		66AB87222C41A426001682CA /* viewModel */ = {
			isa = PBXGroup;
			children = (
			);
			path = viewModel;
			sourceTree = "<group>";
		};
		66AB87252C41A486001682CA /* comman */ = {
			isa = PBXGroup;
			children = (
				66AB87262C41A491001682CA /* view */,
			);
			path = comman;
			sourceTree = "<group>";
		};
		66AB87262C41A491001682CA /* view */ = {
			isa = PBXGroup;
			children = (
				66AB87272C41A4A1001682CA /* HeaderView.swift */,
				66AB87292C43D06E001682CA /* CustomeTextField.swift */,
				66AB872D2C47E640001682CA /* DashedPageTabViewStyle.swift */,
			);
			path = view;
			sourceTree = "<group>";
		};
		66DEE4532CB8F83F009D0BE1 /* view */ = {
			isa = PBXGroup;
			children = (
				667070302C65506C00BA3454 /* HomeScreen.swift */,
			);
			path = view;
			sourceTree = "<group>";
		};
		66DEE4542CB8F84B009D0BE1 /* viewModel */ = {
			isa = PBXGroup;
			children = (
				66DEE4582CB8F8E5009D0BE1 /* HomeViewModel.swift */,
			);
			path = viewModel;
			sourceTree = "<group>";
		};
		66DEE4552CB8F852009D0BE1 /* Model */ = {
			isa = PBXGroup;
			children = (
				66DEE4562CB8F885009D0BE1 /* AverageProfilt.swift */,
			);
			path = Model;
			sourceTree = "<group>";
		};
		66F8CDC62CBB9F07003E45A8 /* Tab */ = {
			isa = PBXGroup;
			children = (
				66F8CDC92CBB9F20003E45A8 /* Model */,
				66F8CDC82CBB9F18003E45A8 /* ViewModel */,
				66F8CDC72CBB9F11003E45A8 /* View */,
			);
			path = Tab;
			sourceTree = "<group>";
		};
		66F8CDC72CBB9F11003E45A8 /* View */ = {
			isa = PBXGroup;
			children = (
				66DEE4512CB7B101009D0BE1 /* TabScreen.swift */,
			);
			path = View;
			sourceTree = "<group>";
		};
		66F8CDC82CBB9F18003E45A8 /* ViewModel */ = {
			isa = PBXGroup;
			children = (
				66F8CDCC2CBB9F8F003E45A8 /* TabViewModel.swift */,
			);
			path = ViewModel;
			sourceTree = "<group>";
		};
		66F8CDC92CBB9F20003E45A8 /* Model */ = {
			isa = PBXGroup;
			children = (
				66F8CDCA2CBB9F4E003E45A8 /* Tab.swift */,
			);
			path = Model;
			sourceTree = "<group>";
		};
		66F8CDCE2CBBA2E0003E45A8 /* Trade */ = {
			isa = PBXGroup;
			children = (
				66F8CDD82CBBA344003E45A8 /* TradeView.swift */,
			);
			path = Trade;
			sourceTree = "<group>";
		};
		66F8CDCF2CBBA2E7003E45A8 /* Market */ = {
			isa = PBXGroup;
			children = (
				66F8CDD62CBBA31E003E45A8 /* MarketView.swift */,
			);
			path = Market;
			sourceTree = "<group>";
		};
		66F8CDD02CBBA2ED003E45A8 /* Favourite */ = {
			isa = PBXGroup;
			children = (
				66F8CDD42CBBA313003E45A8 /* FavouriteView.swift */,
			);
			path = Favourite;
			sourceTree = "<group>";
		};
		66F8CDD12CBBA2F3003E45A8 /* Wallet */ = {
			isa = PBXGroup;
			children = (
				66F8CDD22CBBA305003E45A8 /* WalletView.swift */,
			);
			path = Wallet;
			sourceTree = "<group>";
		};
/* End PBXGroup section */

/* Begin PBXNativeTarget section */
		6694E07D2C1B1AE100384340 /* Currancy exchange */ = {
			isa = PBXNativeTarget;
			buildConfigurationList = 6694E08E2C1B1AE300384340 /* Build configuration list for PBXNativeTarget "Currancy exchange" */;
			buildPhases = (
				6694E07A2C1B1AE100384340 /* Sources */,
				6694E07B2C1B1AE100384340 /* Frameworks */,
				6694E07C2C1B1AE100384340 /* Resources */,
			);
			buildRules = (
			);
			dependencies = (
			);
			name = "Currancy exchange";
			productName = "Currancy exchange";
			productReference = 6694E07E2C1B1AE100384340 /* Currancy exchange.app */;
			productType = "com.apple.product-type.application";
		};
/* End PBXNativeTarget section */

/* Begin PBXProject section */
		6694E0762C1B1AE100384340 /* Project object */ = {
			isa = PBXProject;
			attributes = {
				BuildIndependentTargetsInParallel = 1;
				LastSwiftUpdateCheck = 1530;
				LastUpgradeCheck = 1530;
				TargetAttributes = {
					6694E07D2C1B1AE100384340 = {
						CreatedOnToolsVersion = 15.3;
					};
				};
			};
			buildConfigurationList = 6694E0792C1B1AE100384340 /* Build configuration list for PBXProject "Currancy exchange" */;
			compatibilityVersion = "Xcode 14.0";
			developmentRegion = en;
			hasScannedForEncodings = 0;
			knownRegions = (
				en,
				Base,
			);
			mainGroup = 6694E0752C1B1AE100384340;
			productRefGroup = 6694E07F2C1B1AE100384340 /* Products */;
			projectDirPath = "";
			projectRoot = "";
			targets = (
				6694E07D2C1B1AE100384340 /* Currancy exchange */,
			);
		};
/* End PBXProject section */

/* Begin PBXResourcesBuildPhase section */
		6694E07C2C1B1AE100384340 /* Resources */ = {
			isa = PBXResourcesBuildPhase;
			buildActionMask = 2147483647;
			files = (
				6694E0952C28403C00384340 /* ReadexPro-Medium.ttf in Resources */,
				6694E08B2C1B1AE300384340 /* Preview Assets.xcassets in Resources */,
				6694E0942C28403C00384340 /* ReadexPro-Light.ttf in Resources */,
				6694E0882C1B1AE300384340 /* Assets.xcassets in Resources */,
				6694E0962C28403C00384340 /* ReadexPro-bold.ttf in Resources */,
			);
			runOnlyForDeploymentPostprocessing = 0;
		};
/* End PBXResourcesBuildPhase section */

/* Begin PBXSourcesBuildPhase section */
		6694E07A2C1B1AE100384340 /* Sources */ = {
			isa = PBXSourcesBuildPhase;
			buildActionMask = 2147483647;
			files = (
				66DEE4572CB8F885009D0BE1 /* AverageProfilt.swift in Sources */,
				6635B83C2C3ACC0600FA7001 /* Color+Extentions.swift in Sources */,
				66AB87192C4135B7001682CA /* OnboardingModel.swift in Sources */,
				66AB871F2C41A09E001682CA /* OnboardingScreen.swift in Sources */,
				66AB872E2C47E640001682CA /* DashedPageTabViewStyle.swift in Sources */,
				6694E0862C1B1AE100384340 /* Item.swift in Sources */,
				66AB872A2C43D06E001682CA /* CustomeTextField.swift in Sources */,
				66AB872C2C452807001682CA /* OnboardingViewModel.swift in Sources */,
				66F8CDD52CBBA313003E45A8 /* FavouriteView.swift in Sources */,
				6694E09A2C2844C200384340 /* Font+Extensions.swift in Sources */,
				66F8CDD72CBBA31E003E45A8 /* MarketView.swift in Sources */,
				66F8CDCD2CBB9F8F003E45A8 /* TabViewModel.swift in Sources */,
				66869A0F2CB7AC0300770D17 /* HomeScreen.swift in Sources */,
				66F8CDD32CBBA305003E45A8 /* WalletView.swift in Sources */,
				6694E0822C1B1AE100384340 /* Currancy_exchangeApp.swift in Sources */,
				66F8CDD92CBBA344003E45A8 /* TradeView.swift in Sources */,
				66F8CDCB2CBB9F4E003E45A8 /* Tab.swift in Sources */,
				66DEE4522CB7B101009D0BE1 /* TabScreen.swift in Sources */,
				66AB87242C41A43A001682CA /* loginScreen.swift in Sources */,
				66DEE4592CB8F8E5009D0BE1 /* HomeViewModel.swift in Sources */,
				66AB87282C41A4A1001682CA /* HeaderView.swift in Sources */,
			);
			runOnlyForDeploymentPostprocessing = 0;
		};
/* End PBXSourcesBuildPhase section */

/* Begin XCBuildConfiguration section */
		6694E08C2C1B1AE300384340 /* Debug */ = {
			isa = XCBuildConfiguration;
			buildSettings = {
				ALWAYS_SEARCH_USER_PATHS = NO;
				ASSETCATALOG_COMPILER_GENERATE_SWIFT_ASSET_SYMBOL_EXTENSIONS = YES;
				CLANG_ANALYZER_NONNULL = YES;
				CLANG_ANALYZER_NUMBER_OBJECT_CONVERSION = YES_AGGRESSIVE;
				CLANG_CXX_LANGUAGE_STANDARD = "gnu++20";
				CLANG_ENABLE_MODULES = YES;
				CLANG_ENABLE_OBJC_ARC = YES;
				CLANG_ENABLE_OBJC_WEAK = YES;
				CLANG_WARN_BLOCK_CAPTURE_AUTORELEASING = YES;
				CLANG_WARN_BOOL_CONVERSION = YES;
				CLANG_WARN_COMMA = YES;
				CLANG_WARN_CONSTANT_CONVERSION = YES;
				CLANG_WARN_DEPRECATED_OBJC_IMPLEMENTATIONS = YES;
				CLANG_WARN_DIRECT_OBJC_ISA_USAGE = YES_ERROR;
				CLANG_WARN_DOCUMENTATION_COMMENTS = YES;
				CLANG_WARN_EMPTY_BODY = YES;
				CLANG_WARN_ENUM_CONVERSION = YES;
				CLANG_WARN_INFINITE_RECURSION = YES;
				CLANG_WARN_INT_CONVERSION = YES;
				CLANG_WARN_NON_LITERAL_NULL_CONVERSION = YES;
				CLANG_WARN_OBJC_IMPLICIT_RETAIN_SELF = YES;
				CLANG_WARN_OBJC_LITERAL_CONVERSION = YES;
				CLANG_WARN_OBJC_ROOT_CLASS = YES_ERROR;
				CLANG_WARN_QUOTED_INCLUDE_IN_FRAMEWORK_HEADER = YES;
				CLANG_WARN_RANGE_LOOP_ANALYSIS = YES;
				CLANG_WARN_STRICT_PROTOTYPES = YES;
				CLANG_WARN_SUSPICIOUS_MOVE = YES;
				CLANG_WARN_UNGUARDED_AVAILABILITY = YES_AGGRESSIVE;
				CLANG_WARN_UNREACHABLE_CODE = YES;
				CLANG_WARN__DUPLICATE_METHOD_MATCH = YES;
				COPY_PHASE_STRIP = NO;
				DEBUG_INFORMATION_FORMAT = dwarf;
				ENABLE_STRICT_OBJC_MSGSEND = YES;
				ENABLE_TESTABILITY = YES;
				ENABLE_USER_SCRIPT_SANDBOXING = YES;
				GCC_C_LANGUAGE_STANDARD = gnu17;
				GCC_DYNAMIC_NO_PIC = NO;
				GCC_NO_COMMON_BLOCKS = YES;
				GCC_OPTIMIZATION_LEVEL = 0;
				GCC_PREPROCESSOR_DEFINITIONS = (
					"DEBUG=1",
					"$(inherited)",
				);
				GCC_WARN_64_TO_32_BIT_CONVERSION = YES;
				GCC_WARN_ABOUT_RETURN_TYPE = YES_ERROR;
				GCC_WARN_UNDECLARED_SELECTOR = YES;
				GCC_WARN_UNINITIALIZED_AUTOS = YES_AGGRESSIVE;
				GCC_WARN_UNUSED_FUNCTION = YES;
				GCC_WARN_UNUSED_VARIABLE = YES;
				IPHONEOS_DEPLOYMENT_TARGET = 17.4;
				LOCALIZATION_PREFERS_STRING_CATALOGS = YES;
				MTL_ENABLE_DEBUG_INFO = INCLUDE_SOURCE;
				MTL_FAST_MATH = YES;
				ONLY_ACTIVE_ARCH = YES;
				SDKROOT = iphoneos;
				SWIFT_ACTIVE_COMPILATION_CONDITIONS = "DEBUG $(inherited)";
				SWIFT_OPTIMIZATION_LEVEL = "-Onone";
			};
			name = Debug;
		};
		6694E08D2C1B1AE300384340 /* Release */ = {
			isa = XCBuildConfiguration;
			buildSettings = {
				ALWAYS_SEARCH_USER_PATHS = NO;
				ASSETCATALOG_COMPILER_GENERATE_SWIFT_ASSET_SYMBOL_EXTENSIONS = YES;
				CLANG_ANALYZER_NONNULL = YES;
				CLANG_ANALYZER_NUMBER_OBJECT_CONVERSION = YES_AGGRESSIVE;
				CLANG_CXX_LANGUAGE_STANDARD = "gnu++20";
				CLANG_ENABLE_MODULES = YES;
				CLANG_ENABLE_OBJC_ARC = YES;
				CLANG_ENABLE_OBJC_WEAK = YES;
				CLANG_WARN_BLOCK_CAPTURE_AUTORELEASING = YES;
				CLANG_WARN_BOOL_CONVERSION = YES;
				CLANG_WARN_COMMA = YES;
				CLANG_WARN_CONSTANT_CONVERSION = YES;
				CLANG_WARN_DEPRECATED_OBJC_IMPLEMENTATIONS = YES;
				CLANG_WARN_DIRECT_OBJC_ISA_USAGE = YES_ERROR;
				CLANG_WARN_DOCUMENTATION_COMMENTS = YES;
				CLANG_WARN_EMPTY_BODY = YES;
				CLANG_WARN_ENUM_CONVERSION = YES;
				CLANG_WARN_INFINITE_RECURSION = YES;
				CLANG_WARN_INT_CONVERSION = YES;
				CLANG_WARN_NON_LITERAL_NULL_CONVERSION = YES;
				CLANG_WARN_OBJC_IMPLICIT_RETAIN_SELF = YES;
				CLANG_WARN_OBJC_LITERAL_CONVERSION = YES;
				CLANG_WARN_OBJC_ROOT_CLASS = YES_ERROR;
				CLANG_WARN_QUOTED_INCLUDE_IN_FRAMEWORK_HEADER = YES;
				CLANG_WARN_RANGE_LOOP_ANALYSIS = YES;
				CLANG_WARN_STRICT_PROTOTYPES = YES;
				CLANG_WARN_SUSPICIOUS_MOVE = YES;
				CLANG_WARN_UNGUARDED_AVAILABILITY = YES_AGGRESSIVE;
				CLANG_WARN_UNREACHABLE_CODE = YES;
				CLANG_WARN__DUPLICATE_METHOD_MATCH = YES;
				COPY_PHASE_STRIP = NO;
				DEBUG_INFORMATION_FORMAT = "dwarf-with-dsym";
				ENABLE_NS_ASSERTIONS = NO;
				ENABLE_STRICT_OBJC_MSGSEND = YES;
				ENABLE_USER_SCRIPT_SANDBOXING = YES;
				GCC_C_LANGUAGE_STANDARD = gnu17;
				GCC_NO_COMMON_BLOCKS = YES;
				GCC_WARN_64_TO_32_BIT_CONVERSION = YES;
				GCC_WARN_ABOUT_RETURN_TYPE = YES_ERROR;
				GCC_WARN_UNDECLARED_SELECTOR = YES;
				GCC_WARN_UNINITIALIZED_AUTOS = YES_AGGRESSIVE;
				GCC_WARN_UNUSED_FUNCTION = YES;
				GCC_WARN_UNUSED_VARIABLE = YES;
				IPHONEOS_DEPLOYMENT_TARGET = 17.4;
				LOCALIZATION_PREFERS_STRING_CATALOGS = YES;
				MTL_ENABLE_DEBUG_INFO = NO;
				MTL_FAST_MATH = YES;
				SDKROOT = iphoneos;
				SWIFT_COMPILATION_MODE = wholemodule;
				VALIDATE_PRODUCT = YES;
			};
			name = Release;
		};
		6694E08F2C1B1AE300384340 /* Debug */ = {
			isa = XCBuildConfiguration;
			buildSettings = {
				ASSETCATALOG_COMPILER_APPICON_NAME = AppIcon;
				ASSETCATALOG_COMPILER_GLOBAL_ACCENT_COLOR_NAME = AccentColor;
				CODE_SIGN_STYLE = Automatic;
				CURRENT_PROJECT_VERSION = 1;
				DEVELOPMENT_ASSET_PATHS = "\"Currancy exchange/Preview Content\"";
				ENABLE_PREVIEWS = YES;
				GENERATE_INFOPLIST_FILE = YES;
				INFOPLIST_FILE = "Currancy-exchange-Info.plist";
				INFOPLIST_KEY_UIApplicationSceneManifest_Generation = YES;
				INFOPLIST_KEY_UIApplicationSupportsIndirectInputEvents = YES;
				INFOPLIST_KEY_UILaunchScreen_Generation = YES;
				INFOPLIST_KEY_UISupportedInterfaceOrientations_iPad = "UIInterfaceOrientationPortrait UIInterfaceOrientationPortraitUpsideDown UIInterfaceOrientationLandscapeLeft UIInterfaceOrientationLandscapeRight";
				INFOPLIST_KEY_UISupportedInterfaceOrientations_iPhone = "UIInterfaceOrientationPortrait UIInterfaceOrientationLandscapeLeft UIInterfaceOrientationLandscapeRight";
				IPHONEOS_DEPLOYMENT_TARGET = 15.0;
				LD_RUNPATH_SEARCH_PATHS = (
					"$(inherited)",
					"@executable_path/Frameworks",
				);
				MARKETING_VERSION = 1.0;
				PRODUCT_BUNDLE_IDENTIFIER = "linkDev.Currancy-exchange";
				PRODUCT_NAME = "$(TARGET_NAME)";
				SWIFT_EMIT_LOC_STRINGS = YES;
				SWIFT_VERSION = 5.0;
				TARGETED_DEVICE_FAMILY = "1,2";
			};
			name = Debug;
		};
		6694E0902C1B1AE300384340 /* Release */ = {
			isa = XCBuildConfiguration;
			buildSettings = {
				ASSETCATALOG_COMPILER_APPICON_NAME = AppIcon;
				ASSETCATALOG_COMPILER_GLOBAL_ACCENT_COLOR_NAME = AccentColor;
				CODE_SIGN_STYLE = Automatic;
				CURRENT_PROJECT_VERSION = 1;
				DEVELOPMENT_ASSET_PATHS = "\"Currancy exchange/Preview Content\"";
				ENABLE_PREVIEWS = YES;
				GENERATE_INFOPLIST_FILE = YES;
				INFOPLIST_FILE = "Currancy-exchange-Info.plist";
				INFOPLIST_KEY_UIApplicationSceneManifest_Generation = YES;
				INFOPLIST_KEY_UIApplicationSupportsIndirectInputEvents = YES;
				INFOPLIST_KEY_UILaunchScreen_Generation = YES;
				INFOPLIST_KEY_UISupportedInterfaceOrientations_iPad = "UIInterfaceOrientationPortrait UIInterfaceOrientationPortraitUpsideDown UIInterfaceOrientationLandscapeLeft UIInterfaceOrientationLandscapeRight";
				INFOPLIST_KEY_UISupportedInterfaceOrientations_iPhone = "UIInterfaceOrientationPortrait UIInterfaceOrientationLandscapeLeft UIInterfaceOrientationLandscapeRight";
				IPHONEOS_DEPLOYMENT_TARGET = 15.0;
				LD_RUNPATH_SEARCH_PATHS = (
					"$(inherited)",
					"@executable_path/Frameworks",
				);
				MARKETING_VERSION = 1.0;
				PRODUCT_BUNDLE_IDENTIFIER = "linkDev.Currancy-exchange";
				PRODUCT_NAME = "$(TARGET_NAME)";
				SWIFT_EMIT_LOC_STRINGS = YES;
				SWIFT_VERSION = 5.0;
				TARGETED_DEVICE_FAMILY = "1,2";
			};
			name = Release;
		};
/* End XCBuildConfiguration section */

/* Begin XCConfigurationList section */
		6694E0792C1B1AE100384340 /* Build configuration list for PBXProject "Currancy exchange" */ = {
			isa = XCConfigurationList;
			buildConfigurations = (
				6694E08C2C1B1AE300384340 /* Debug */,
				6694E08D2C1B1AE300384340 /* Release */,
			);
			defaultConfigurationIsVisible = 0;
			defaultConfigurationName = Release;
		};
		6694E08E2C1B1AE300384340 /* Build configuration list for PBXNativeTarget "Currancy exchange" */ = {
			isa = XCConfigurationList;
			buildConfigurations = (
				6694E08F2C1B1AE300384340 /* Debug */,
				6694E0902C1B1AE300384340 /* Release */,
			);
			defaultConfigurationIsVisible = 0;
			defaultConfigurationName = Release;
		};
/* End XCConfigurationList section */
	};
	rootObject = 6694E0762C1B1AE100384340 /* Project object */;
}
